
Microsoft Visual Studio Solution File, Format Version 12.00
# Visual Studio Version 17
VisualStudioVersion = 17.6.33829.357
MinimumVisualStudioVersion = 10.0.40219.1
Project("{FAE04EC0-301F-11D3-BF4B-00C04F79EFBC}") = "DirScanner", "DirScanner\DirScanner.csproj", "{61600E26-C6A2-416E-9901-905360D294D3}"
EndProject
Global
	GlobalSection(SolutionConfigurationPlatforms) = preSolution
		Debug|Any CPU = Debug|Any CPU
		Release|Any CPU = Release|Any CPU
	EndGlobalSection
	GlobalSection(ProjectConfigurationPlatforms) = postSolution
		{61600E26-C6A2-416E-9901-905360D294D3}.Debug|Any CPU.ActiveCfg = Debug|Any CPU
		{61600E26-C6A2-416E-9901-905360D294D3}.Debug|Any CPU.Build.0 = Debug|Any CPU
		{61600E26-C6A2-416E-9901-905360D294D3}.Release|Any CPU.ActiveCfg = Release|Any CPU
		{61600E26-C6A2-416E-9901-905360D294D3}.Release|Any CPU.Build.0 = Release|Any CPU
	EndGlobalSection
	GlobalSection(SolutionProperties) = preSolution
		HideSolutionNode = FALSE
	EndGlobalSection
	GlobalSection(ExtensibilityGlobals) = postSolution
		SolutionGuid = {F2AD1D69-68E0-4BFF-AD4E-E58EC490B80F}
	EndGlobalSection
EndGlobal
